# This file is automatically @generated by Cargo.
# It is not intended for manual editing.
[[package]]
name = "addr2line"
version = "0.12.2"
source = "registry+https://github.com/rust-lang/crates.io-index"
checksum = "602d785912f476e480434627e8732e6766b760c045bbf897d9dfaa9f4fbd399c"
dependencies = [
 "gimli",
]

[[package]]
name = "adler32"
version = "1.1.0"
source = "registry+https://github.com/rust-lang/crates.io-index"
checksum = "567b077b825e468cc974f0020d4082ee6e03132512f207ef1a02fd5d00d1f32d"

[[package]]
name = "ansi_term"
version = "0.12.1"
source = "registry+https://github.com/rust-lang/crates.io-index"
checksum = "d52a9bb7ec0cf484c551830a7ce27bd20d67eac647e1befb56b0be4ee39a55d2"
dependencies = [
 "winapi",
]

[[package]]
name = "anyhow"
version = "1.0.31"
source = "registry+https://github.com/rust-lang/crates.io-index"
checksum = "85bb70cc08ec97ca5450e6eba421deeea5f172c0fc61f78b5357b2a8e8be195f"

[[package]]
name = "atty"
version = "0.2.14"
source = "registry+https://github.com/rust-lang/crates.io-index"
checksum = "d9b39be18770d11421cdb1b9947a45dd3f37e93092cbf377614828a319d5fee8"
dependencies = [
 "hermit-abi",
 "libc",
 "winapi",
]

[[package]]
name = "autocfg"
version = "1.0.0"
source = "registry+https://github.com/rust-lang/crates.io-index"
checksum = "f8aac770f1885fd7e387acedd76065302551364496e46b3dd00860b2f8359b9d"

[[package]]
name = "backtrace"
version = "0.3.49"
source = "registry+https://github.com/rust-lang/crates.io-index"
checksum = "05100821de9e028f12ae3d189176b41ee198341eb8f369956407fea2f5cc666c"
dependencies = [
 "addr2line",
 "cfg-if",
 "libc",
 "miniz_oxide",
 "object 0.20.0",
 "rustc-demangle",
]

[[package]]
name = "byteorder"
version = "1.3.4"
source = "registry+https://github.com/rust-lang/crates.io-index"
checksum = "08c48aae112d48ed9f069b33538ea9e3e90aa263cfa3d1c24309612b1f7472de"

[[package]]
name = "cfg-if"
version = "0.1.10"
source = "registry+https://github.com/rust-lang/crates.io-index"
checksum = "4785bdd1c96b2a846b2bd7cc02e86b6b3dbf14e7e53446c4f54c92a361040822"

[[package]]
name = "chrono"
version = "0.4.11"
source = "registry+https://github.com/rust-lang/crates.io-index"
checksum = "80094f509cf8b5ae86a4966a39b3ff66cd7e2a3e594accec3743ff3fabeab5b2"
dependencies = [
 "num-integer",
 "num-traits",
 "time",
]

[[package]]
name = "codespan"
version = "0.9.5"
source = "registry+https://github.com/rust-lang/crates.io-index"
checksum = "8ebaf6bb6a863ad6aa3a18729e9710c53d75df03306714d9cc1f7357a00cd789"
dependencies = [
 "codespan-reporting",
]

[[package]]
name = "codespan-reporting"
version = "0.9.5"
source = "registry+https://github.com/rust-lang/crates.io-index"
checksum = "6e0762455306b1ed42bc651ef6a2197aabda5e1d4a43c34d5eab5c1a3634e81d"
dependencies = [
 "termcolor",
 "unicode-width",
]

[[package]]
name = "color-backtrace"
version = "0.4.2"
source = "registry+https://github.com/rust-lang/crates.io-index"
checksum = "5356ae4e07c994a2763226a8a991e5829ded78ac23f8ac88b3f3e69970db5163"
dependencies = [
 "atty",
 "backtrace",
 "termcolor",
]

[[package]]
name = "counter"
version = "0.4.3"
source = "registry+https://github.com/rust-lang/crates.io-index"
checksum = "d84b66ce02c964fa8047286289b36797ce48a52a44034e013ce3e5219b6cb360"
dependencies = [
 "num-traits",
]

[[package]]
name = "cranelift"
version = "0.64.0"
source = "registry+https://github.com/rust-lang/crates.io-index"
checksum = "8dd0cf2fcc354bd6ab26556fc7af4c68d1b0ec9c2e48778a886bb4c4af845b3a"
dependencies = [
 "cranelift-codegen",
 "cranelift-frontend",
]

[[package]]
name = "cranelift-bforest"
version = "0.64.0"
source = "registry+https://github.com/rust-lang/crates.io-index"
checksum = "a9e870ce52c4b39ba80fb0b04a4843223a2a33cd491473f67c7bf7a66512c5a7"
dependencies = [
 "cranelift-entity",
]

[[package]]
name = "cranelift-codegen"
version = "0.64.0"
source = "registry+https://github.com/rust-lang/crates.io-index"
checksum = "d9007dac19ec2395d23f3966166a7777b24ac214b0e0766e15c0f33b98e781b4"
dependencies = [
 "byteorder",
 "cranelift-bforest",
 "cranelift-codegen-meta",
 "cranelift-codegen-shared",
 "cranelift-entity",
 "log",
 "regalloc",
 "smallvec",
 "target-lexicon",
 "thiserror",
]

[[package]]
name = "cranelift-codegen-meta"
version = "0.64.0"
source = "registry+https://github.com/rust-lang/crates.io-index"
checksum = "70e7ff7c9ee40573b55f63d9bc973d1da54464b7686923981f0aafbde8ef78c7"
dependencies = [
 "cranelift-codegen-shared",
 "cranelift-entity",
]

[[package]]
name = "cranelift-codegen-shared"
version = "0.64.0"
source = "registry+https://github.com/rust-lang/crates.io-index"
checksum = "75d5765a961b8d1c6468f230c634ea6dc35b76c6ab9069c04a84ac1b67149168"

[[package]]
name = "cranelift-entity"
version = "0.64.0"
source = "registry+https://github.com/rust-lang/crates.io-index"
checksum = "dfa6ac15138da9983259dd257c8573d3ccf75c7fb9ed06708b38b43a3c090326"

[[package]]
name = "cranelift-frontend"
version = "0.64.0"
source = "registry+https://github.com/rust-lang/crates.io-index"
checksum = "3062a6fce384623ac2d19e98e7c774c944584bb5a8e42910e93dcebed7c44d87"
dependencies = [
 "cranelift-codegen",
 "log",
 "smallvec",
 "target-lexicon",
]

[[package]]
name = "cranelift-module"
version = "0.64.0"
source = "registry+https://github.com/rust-lang/crates.io-index"
checksum = "8d0b37c8039ea46ce92f796b1e1315402f6d8b78bf3f901cf406efb393fd0374"
dependencies = [
 "anyhow",
 "cranelift-codegen",
 "cranelift-entity",
 "log",
 "thiserror",
]

[[package]]
name = "cranelift-object"
version = "0.64.0"
source = "registry+https://github.com/rust-lang/crates.io-index"
checksum = "74cb5e1b1f53112d75dd2b071f43d65f59a836412628e36a2652bc5f1b3cd3bf"
dependencies = [
 "cranelift-codegen",
 "cranelift-module",
 "object 0.18.0",
 "target-lexicon",
]

[[package]]
name = "crc32fast"
version = "1.2.0"
source = "registry+https://github.com/rust-lang/crates.io-index"
checksum = "ba125de2af0df55319f41944744ad91c71113bf74a4646efff39afe1f6842db1"
dependencies = [
 "cfg-if",
]

[[package]]
name = "getrandom"
version = "0.1.14"
source = "registry+https://github.com/rust-lang/crates.io-index"
checksum = "7abc8dd8451921606d809ba32e95b6111925cd2906060d2dcc29c070220503eb"
dependencies = [
 "cfg-if",
 "libc",
 "wasi",
]

[[package]]
name = "gimli"
version = "0.21.0"
source = "registry+https://github.com/rust-lang/crates.io-index"
checksum = "bcc8e0c9bce37868955864dbecd2b1ab2bdf967e6f28066d65aaac620444b65c"

[[package]]
name = "git-testament"
version = "0.1.9"
source = "registry+https://github.com/rust-lang/crates.io-index"
checksum = "60f131003265744033e147a3b1614cf953edc315d3350377442d8ad3df699103"
dependencies = [
 "git-testament-derive",
]

[[package]]
name = "git-testament-derive"
version = "0.1.10"
source = "registry+https://github.com/rust-lang/crates.io-index"
checksum = "526ad4c79ca35ec046176e89787409f1d75d9cd51fa9258c01ca206d4fba9340"
dependencies = [
 "chrono",
 "log",
 "proc-macro2",
 "quote",
 "syn",
]

[[package]]
name = "hermit-abi"
version = "0.1.14"
source = "registry+https://github.com/rust-lang/crates.io-index"
checksum = "b9586eedd4ce6b3c498bc3b4dd92fc9f11166aa908a914071953768066c67909"
dependencies = [
 "libc",
]

[[package]]
name = "hexponent"
version = "0.3.0"
source = "registry+https://github.com/rust-lang/crates.io-index"
checksum = "ac047ee7161e8f34de70ba4e4d084ece641ad45487f9d7b15f8d8d6db1fe191a"

[[package]]
name = "indexmap"
version = "1.4.0"
source = "registry+https://github.com/rust-lang/crates.io-index"
checksum = "c398b2b113b55809ceb9ee3e753fcbac793f1956663f3c36549c1346015c2afe"
dependencies = [
 "autocfg",
]

[[package]]
name = "langcraft"
version = "0.1.0"
dependencies = [
 "lazy_static",
 "saltwater",
]

[[package]]
name = "lasso"
version = "0.2.2"
source = "registry+https://github.com/rust-lang/crates.io-index"
checksum = "19486800b9a2b9ca2d5ce6ad9a221f5b3788f1bebcfb94942df6342d6632cb44"

[[package]]
name = "lazy_static"
version = "1.4.0"
source = "registry+https://github.com/rust-lang/crates.io-index"
checksum = "e2abad23fbc42b3700f2f279844dc832adb2b2eb069b2df918f455c4e18cc646"

[[package]]
name = "libc"
version = "0.2.71"
source = "registry+https://github.com/rust-lang/crates.io-index"
checksum = "9457b06509d27052635f90d6466700c65095fdf75409b3fbdd903e988b886f49"

[[package]]
name = "log"
version = "0.4.8"
source = "registry+https://github.com/rust-lang/crates.io-index"
checksum = "14b6052be84e6b71ab17edffc2eeabf5c2c3ae1fdb464aae35ac50c67a44e1f7"
dependencies = [
 "cfg-if",
]

[[package]]
name = "miniz_oxide"
version = "0.3.7"
source = "registry+https://github.com/rust-lang/crates.io-index"
checksum = "791daaae1ed6889560f8c4359194f56648355540573244a5448a83ba1ecc7435"
dependencies = [
 "adler32",
]

[[package]]
name = "num-integer"
version = "0.1.43"
source = "registry+https://github.com/rust-lang/crates.io-index"
checksum = "8d59457e662d541ba17869cf51cf177c0b5f0cbf476c66bdc90bf1edac4f875b"
dependencies = [
 "autocfg",
 "num-traits",
]

[[package]]
name = "num-traits"
version = "0.2.12"
source = "registry+https://github.com/rust-lang/crates.io-index"
checksum = "ac267bcc07f48ee5f8935ab0d24f316fb722d7a1292e2913f0cc196b29ffd611"
dependencies = [
 "autocfg",
]

[[package]]
name = "object"
version = "0.18.0"
source = "registry+https://github.com/rust-lang/crates.io-index"
checksum = "e5666bbb90bc4d1e5bdcb26c0afda1822d25928341e9384ab187a9b37ab69e36"
dependencies = [
 "crc32fast",
 "indexmap",
 "target-lexicon",
]

[[package]]
name = "object"
version = "0.20.0"
source = "registry+https://github.com/rust-lang/crates.io-index"
checksum = "1ab52be62400ca80aa00285d25253d7f7c437b7375c4de678f5405d3afe82ca5"

[[package]]
name = "pico-args"
version = "0.3.2"
source = "registry+https://github.com/rust-lang/crates.io-index"
checksum = "6a71836ceac43f0349e3bd964f5bb902f7b003916f32a4ad00354dafc447fa8f"

[[package]]
name = "ppv-lite86"
version = "0.2.8"
source = "registry+https://github.com/rust-lang/crates.io-index"
checksum = "237a5ed80e274dbc66f86bd59c1e25edc039660be53194b5fe0a482e0f2612ea"

[[package]]
name = "proc-macro2"
version = "1.0.18"
source = "registry+https://github.com/rust-lang/crates.io-index"
checksum = "beae6331a816b1f65d04c45b078fd8e6c93e8071771f41b8163255bbd8d7c8fa"
dependencies = [
 "unicode-xid",
]

[[package]]
name = "quote"
version = "1.0.7"
source = "registry+https://github.com/rust-lang/crates.io-index"
checksum = "aa563d17ecb180e500da1cfd2b028310ac758de548efdd203e18f283af693f37"
dependencies = [
 "proc-macro2",
]

[[package]]
name = "rand"
version = "0.7.3"
source = "registry+https://github.com/rust-lang/crates.io-index"
checksum = "6a6b1679d49b24bbfe0c803429aa1874472f50d9b363131f0e89fc356b544d03"
dependencies = [
 "getrandom",
 "libc",
 "rand_chacha",
 "rand_core",
 "rand_hc",
]

[[package]]
name = "rand_chacha"
version = "0.2.2"
source = "registry+https://github.com/rust-lang/crates.io-index"
checksum = "f4c8ed856279c9737206bf725bf36935d8666ead7aa69b52be55af369d193402"
dependencies = [
 "ppv-lite86",
 "rand_core",
]

[[package]]
name = "rand_core"
version = "0.5.1"
source = "registry+https://github.com/rust-lang/crates.io-index"
checksum = "90bde5296fc891b0cef12a6d03ddccc162ce7b2aff54160af9338f8d40df6d19"
dependencies = [
 "getrandom",
]

[[package]]
name = "rand_hc"
version = "0.2.0"
source = "registry+https://github.com/rust-lang/crates.io-index"
checksum = "ca3129af7b92a17112d59ad498c6f81eaf463253766b90396d39ea7a39d6613c"
dependencies = [
 "rand_core",
]

[[package]]
name = "redox_syscall"
version = "0.1.56"
source = "registry+https://github.com/rust-lang/crates.io-index"
checksum = "2439c63f3f6139d1b57529d16bc3b8bb855230c8efcc5d3a896c8bea7c3b1e84"

[[package]]
name = "regalloc"
version = "0.0.25"
source = "registry+https://github.com/rust-lang/crates.io-index"
checksum = "cca5b48c9db66c5ba084e4660b4c0cfe8b551a96074bc04b7c11de86ad0bf1f9"
dependencies = [
 "log",
 "rustc-hash",
 "smallvec",
]

[[package]]
name = "remove_dir_all"
version = "0.5.3"
source = "registry+https://github.com/rust-lang/crates.io-index"
checksum = "3acd125665422973a33ac9d3dd2df85edad0f4ae9b00dafb1a05e43a9f5ef8e7"
dependencies = [
 "winapi",
]

[[package]]
name = "rustc-demangle"
version = "0.1.16"
source = "registry+https://github.com/rust-lang/crates.io-index"
checksum = "4c691c0e608126e00913e33f0ccf3727d5fc84573623b8d65b2df340b5201783"

[[package]]
name = "rustc-hash"
version = "1.1.0"
source = "registry+https://github.com/rust-lang/crates.io-index"
checksum = "08d43f7aa6b08d49f382cde6a7982047c3426db949b1424bc4b7ec9ae12c6ce2"

[[package]]
name = "saltwater"
version = "0.10.0"
source = "registry+https://github.com/rust-lang/crates.io-index"
checksum = "4529ce7b69f31e0683a6f5982b98789fa25a87f0bc67c1db0eaa966fe366a605"
dependencies = [
 "ansi_term",
 "atty",
 "codespan",
 "color-backtrace",
 "counter",
 "cranelift",
 "cranelift-module",
 "cranelift-object",
 "git-testament",
 "hexponent",
 "lasso",
 "lazy_static",
 "pico-args",
 "target-lexicon",
 "tempfile",
 "thiserror",
]

[[package]]
name = "smallvec"
version = "1.4.0"
source = "registry+https://github.com/rust-lang/crates.io-index"
checksum = "c7cb5678e1615754284ec264d9bb5b4c27d2018577fd90ac0ceb578591ed5ee4"

[[package]]
name = "syn"
version = "1.0.33"
source = "registry+https://github.com/rust-lang/crates.io-index"
checksum = "e8d5d96e8cbb005d6959f119f773bfaebb5684296108fb32600c00cde305b2cd"
dependencies = [
 "proc-macro2",
 "quote",
 "unicode-xid",
]

[[package]]
name = "target-lexicon"
version = "0.10.0"
source = "registry+https://github.com/rust-lang/crates.io-index"
checksum = "ab0e7238dcc7b40a7be719a25365910f6807bd864f4cce6b2e6b873658e2b19d"

[[package]]
name = "tempfile"
version = "3.1.0"
source = "registry+https://github.com/rust-lang/crates.io-index"
checksum = "7a6e24d9338a0a5be79593e2fa15a648add6138caa803e2d5bc782c371732ca9"
dependencies = [
 "cfg-if",
 "libc",
 "rand",
 "redox_syscall",
 "remove_dir_all",
 "winapi",
]

[[package]]
name = "termcolor"
version = "1.1.0"
source = "registry+https://github.com/rust-lang/crates.io-index"
checksum = "bb6bfa289a4d7c5766392812c0a1f4c1ba45afa1ad47803c11e1f407d846d75f"
dependencies = [
 "winapi-util",
]

[[package]]
name = "thiserror"
version = "1.0.20"
source = "registry+https://github.com/rust-lang/crates.io-index"
checksum = "7dfdd070ccd8ccb78f4ad66bf1982dc37f620ef696c6b5028fe2ed83dd3d0d08"
dependencies = [
 "thiserror-impl",
]

[[package]]
name = "thiserror-impl"
version = "1.0.20"
source = "registry+https://github.com/rust-lang/crates.io-index"
checksum = "bd80fc12f73063ac132ac92aceea36734f04a1d93c1240c6944e23a3b8841793"
dependencies = [
 "proc-macro2",
 "quote",
 "syn",
]

[[package]]
name = "time"
version = "0.1.43"
source = "registry+https://github.com/rust-lang/crates.io-index"
checksum = "ca8a50ef2360fbd1eeb0ecd46795a87a19024eb4b53c5dc916ca1fd95fe62438"
dependencies = [
 "libc",
 "winapi",
]

[[package]]
name = "unicode-width"
version = "0.1.7"
source = "registry+https://github.com/rust-lang/crates.io-index"
checksum = "caaa9d531767d1ff2150b9332433f32a24622147e5ebb1f26409d5da67afd479"

[[package]]
name = "unicode-xid"
version = "0.2.1"
source = "registry+https://github.com/rust-lang/crates.io-index"
checksum = "f7fe0bb3479651439c9112f72b6c505038574c9fbb575ed1bf3b797fa39dd564"

[[package]]
name = "wasi"
version = "0.9.0+wasi-snapshot-preview1"
source = "registry+https://github.com/rust-lang/crates.io-index"
checksum = "cccddf32554fecc6acb585f82a32a72e28b48f8c4c1883ddfeeeaa96f7d8e519"

[[package]]
name = "winapi"
version = "0.3.8"
source = "registry+https://github.com/rust-lang/crates.io-index"
checksum = "8093091eeb260906a183e6ae1abdba2ef5ef2257a21801128899c3fc699229c6"
dependencies = [
 "winapi-i686-pc-windows-gnu",
 "winapi-x86_64-pc-windows-gnu",
]

[[package]]
name = "winapi-i686-pc-windows-gnu"
version = "0.4.0"
source = "registry+https://github.com/rust-lang/crates.io-index"
checksum = "ac3b87c63620426dd9b991e5ce0329eff545bccbbb34f3be09ff6fb6ab51b7b6"

[[package]]
name = "winapi-util"
version = "0.1.5"
source = "registry+https://github.com/rust-lang/crates.io-index"
checksum = "70ec6ce85bb158151cae5e5c87f95a8e97d2c0c4b001223f33a334e3ce5de178"
dependencies = [
 "winapi",
]

[[package]]
name = "winapi-x86_64-pc-windows-gnu"
version = "0.4.0"
source = "registry+https://github.com/rust-lang/crates.io-index"
checksum = "712e227841d057c1ee1cd2fb22fa7e5a5461ae8e48fa2ca79ec42cfc1931183f"
